<?xml version="1.0" encoding="utf-8"?>
<Project ToolsVersion="4.0" xmlns="http://schemas.microsoft.com/developer/msbuild/2003">
  <ItemGroup>
    <Filter Include="资源文件">
      <UniqueIdentifier>{67DA6AB6-F800-4c08-8B7A-83BB121AAD01}</UniqueIdentifier>
      <Extensions>rc;ico;cur;bmp;dlg;rc2;rct;bin;rgs;gif;jpg;jpeg;jpe;resx;tiff;tif;png;wav;mfcribbon-ms</Extensions>
    </Filter>
    <Filter Include="include">
      <UniqueIdentifier>{93995380-89BD-4b04-88EB-625FBE52EBFB}</UniqueIdentifier>
      <Extensions>h;hh;hpp;hxx;hm;inl;inc;ipp;xsd</Extensions>
    </Filter>
    <Filter Include="src">
      <UniqueIdentifier>{4FC737F1-C7A5-4376-A066-2A32D752A2FF}</UniqueIdentifier>
      <Extensions>cpp;c;cc;cxx;def;odl;idl;hpj;bat;asm;asmx</Extensions>
    </Filter>
    <Filter Include="unittest">
      <UniqueIdentifier>{b5e3eb33-6d40-47ee-b985-78e0ece1e0a3}</UniqueIdentifier>
    </Filter>
    <Filter Include="src\algorithm">
      <UniqueIdentifier>{ebe96f1c-8d53-4726-bc4a-bd1822691dc0}</UniqueIdentifier>
    </Filter>
    <Filter Include="src\common">
      <UniqueIdentifier>{f8dc582d-0b8b-436b-ada7-d0fa0b4c1a3e}</UniqueIdentifier>
    </Filter>
  </ItemGroup>
  <ItemGroup>
    <ClInclude Include="..\..\include\allocator.h">
      <Filter>include</Filter>
    </ClInclude>
    <ClInclude Include="..\..\include\common.h">
      <Filter>include</Filter>
    </ClInclude>
    <ClInclude Include="..\..\include\image.h">
      <Filter>include</Filter>
    </ClInclude>
    <ClInclude Include="..\..\include\algorithm.h">
      <Filter>include</Filter>
    </ClInclude>
    <ClInclude Include="..\..\include\point.h">
      <Filter>include</Filter>
    </ClInclude>
    <ClInclude Include="..\..\include\timing.h">
      <Filter>include</Filter>
    </ClInclude>
  </ItemGroup>
  <ItemGroup>
    <ClCompile Include="..\..\unit_tests\unit_tests.cpp">
      <Filter>unittest</Filter>
    </ClCompile>
    <ClCompile Include="..\..\src\algorithm\algorithm.cpp">
      <Filter>src\algorithm</Filter>
    </ClCompile>
    <ClCompile Include="..\..\src\algorithm\edge_detection.cpp">
      <Filter>src\algorithm</Filter>
    </ClCompile>
    <ClCompile Include="..\..\src\algorithm\interpolation.cpp">
      <Filter>src\algorithm</Filter>
    </ClCompile>
    <ClCompile Include="..\..\src\algorithm\spatial_filter.cpp">
      <Filter>src\algorithm</Filter>
    </ClCompile>
    <ClCompile Include="..\..\src\common\common.cpp">
      <Filter>src\common</Filter>
    </ClCompile>
    <ClCompile Include="..\..\src\common\image.cpp">
      <Filter>src\common</Filter>
    </ClCompile>
  </ItemGroup>
</Project>